
Microsoft Visual Studio Solution File, Format Version 12.00
# Visual Studio Version 16
VisualStudioVersion = 16.0.31019.35
MinimumVisualStudioVersion = 10.0.40219.1
Project("{FAE04EC0-301F-11D3-BF4B-00C04F79EFBC}") = "ToDoListApp", "ToDoListApp\ToDoListApp.csproj", "{A7E874FC-77CB-407A-B24D-2D9BF5116780}"
EndProject
Global
	GlobalSection(SolutionConfigurationPlatforms) = preSolution
		Debug|Any CPU = Debug|Any CPU
		Release|Any CPU = Release|Any CPU
	EndGlobalSection
	GlobalSection(ProjectConfigurationPlatforms) = postSolution
		{A7E874FC-77CB-407A-B24D-2D9BF5116780}.Debug|Any CPU.ActiveCfg = Debug|Any CPU
		{A7E874FC-77CB-407A-B24D-2D9BF5116780}.Debug|Any CPU.Build.0 = Debug|Any CPU
		{A7E874FC-77CB-407A-B24D-2D9BF5116780}.Release|Any CPU.ActiveCfg = Release|Any CPU
		{A7E874FC-77CB-407A-B24D-2D9BF5116780}.Release|Any CPU.Build.0 = Release|Any CPU
	EndGlobalSection
	GlobalSection(SolutionProperties) = preSolution
		HideSolutionNode = FALSE
	EndGlobalSection
	GlobalSection(ExtensibilityGlobals) = postSolution
		SolutionGuid = {5E3F692C-00D3-4B27-80EB-9580DC54AB2B}
	EndGlobalSection
EndGlobal
